
Microsoft Visual Studio Solution File, Format Version 12.00
# Visual Studio Version 17
VisualStudioVersion = 17.8.34525.116
MinimumVisualStudioVersion = 10.0.40219.1
Project("{FAE04EC0-301F-11D3-BF4B-00C04F79EFBC}") = "execoesPersonalizada", "execoesPersonalizada.csproj", "{750A4FFA-1A5F-41AB-87C4-8FFCF1148798}"
EndProject
Global
	GlobalSection(SolutionConfigurationPlatforms) = preSolution
		Debug|Any CPU = Debug|Any CPU
		Release|Any CPU = Release|Any CPU
	EndGlobalSection
	GlobalSection(ProjectConfigurationPlatforms) = postSolution
		{750A4FFA-1A5F-41AB-87C4-8FFCF1148798}.Debug|Any CPU.ActiveCfg = Debug|Any CPU
		{750A4FFA-1A5F-41AB-87C4-8FFCF1148798}.Debug|Any CPU.Build.0 = Debug|Any CPU
		{750A4FFA-1A5F-41AB-87C4-8FFCF1148798}.Release|Any CPU.ActiveCfg = Release|Any CPU
		{750A4FFA-1A5F-41AB-87C4-8FFCF1148798}.Release|Any CPU.Build.0 = Release|Any CPU
	EndGlobalSection
	GlobalSection(SolutionProperties) = preSolution
		HideSolutionNode = FALSE
	EndGlobalSection
	GlobalSection(ExtensibilityGlobals) = postSolution
		SolutionGuid = {8E4FB111-E1C1-4332-A6E6-CDC8104AC710}
	EndGlobalSection
EndGlobal
